{
  "name": "GPTSanitizer",
  "lockfileVersion": 2,
  "requires": true,
  "packages": {
    "": {
      "dependencies": {
        "@types/node": "^18.14.0",
        "thesaurus": "^0.0.1"
      },
      "devDependencies": {
        "fs": "^0.0.1-security",
        "synonyms": "^1.0.1",
        "typescript": "^4.9.5"
      }
    },
    "node_modules/@types/node": {
      "version": "18.14.0",
      "resolved": "https://registry.npmjs.org/@types/node/-/node-18.14.0.tgz",
      "integrity": "sha512-5EWrvLmglK+imbCJY0+INViFWUHg1AHel1sq4ZVSfdcNqGy9Edv3UB9IIzzg+xPaUcAgZYcfVs2fBcwDeZzU0A=="
    },
    "node_modules/fs": {
      "version": "0.0.1-security",
      "resolved": "https://registry.npmjs.org/fs/-/fs-0.0.1-security.tgz",
      "integrity": "sha512-3XY9e1pP0CVEUCdj5BmfIZxRBTSDycnbqhIOGec9QYtmVH2fbLpj86CFWkrNOkt/Fvty4KZG5lTglL9j/gJ87w==",
      "dev": true
    },
    "node_modules/synonyms": {
      "version": "1.0.1",
      "resolved": "https://registry.npmjs.org/synonyms/-/synonyms-1.0.1.tgz",
      "integrity": "sha512-L5xUC2nFbGUrEmCpAXebs/iHN2y8ZZwUdFE/M3WvTRfiX6BDZ3xk5CX0JWFw/BXnB19ld/nJDexc5ml+N4O7fw==",
      "dev": true
    },
    "node_modules/thesaurus": {
      "version": "0.0.1",
      "resolved": "https://registry.npmjs.org/thesaurus/-/thesaurus-0.0.1.tgz",
      "integrity": "sha512-EhaO3KcD3e3SgEeMvcaS0/lehYf4zpB0dL3cq/xT6VhWrz3G2bWmney6icIDi0hXGV40NI9T2f63AKBQ0ubfSQ=="
    },
    "node_modules/typescript": {
      "version": "4.9.5",
      "resolved": "https://registry.npmjs.org/typescript/-/typescript-4.9.5.tgz",
      "integrity": "sha512-1FXk9E2Hm+QzZQ7z+McJiHL4NW1F2EzMu9Nq9i3zAaGqibafqYwCVU6WyWAuyQRRzOlxou8xZSyXLEN8oKj24g==",
      "dev": true,
      "bin": {
        "tsc": "bin/tsc",
        "tsserver": "bin/tsserver"
      },
      "engines": {
        "node": ">=4.2.0"
      }
    }
  },
  "dependencies": {
    "@types/node": {
      "version": "18.14.0",
      "resolved": "https://registry.npmjs.org/@types/node/-/node-18.14.0.tgz",
      "integrity": "sha512-5EWrvLmglK+imbCJY0+INViFWUHg1AHel1sq4ZVSfdcNqGy9Edv3UB9IIzzg+xPaUcAgZYcfVs2fBcwDeZzU0A=="
    },
    "fs": {
      "version": "0.0.1-security",
      "resolved": "https://registry.npmjs.org/fs/-/fs-0.0.1-security.tgz",
      "integrity": "sha512-3XY9e1pP0CVEUCdj5BmfIZxRBTSDycnbqhIOGec9QYtmVH2fbLpj86CFWkrNOkt/Fvty4KZG5lTglL9j/gJ87w==",
      "dev": true
    },
    "synonyms": {
      "version": "1.0.1",
      "resolved": "https://registry.npmjs.org/synonyms/-/synonyms-1.0.1.tgz",
      "integrity": "sha512-L5xUC2nFbGUrEmCpAXebs/iHN2y8ZZwUdFE/M3WvTRfiX6BDZ3xk5CX0JWFw/BXnB19ld/nJDexc5ml+N4O7fw==",
      "dev": true
    },
    "thesaurus": {
      "version": "0.0.1",
      "resolved": "https://registry.npmjs.org/thesaurus/-/thesaurus-0.0.1.tgz",
      "integrity": "sha512-EhaO3KcD3e3SgEeMvcaS0/lehYf4zpB0dL3cq/xT6VhWrz3G2bWmney6icIDi0hXGV40NI9T2f63AKBQ0ubfSQ=="
    },
    "typescript": {
      "version": "4.9.5",
      "resolved": "https://registry.npmjs.org/typescript/-/typescript-4.9.5.tgz",
      "integrity": "sha512-1FXk9E2Hm+QzZQ7z+McJiHL4NW1F2EzMu9Nq9i3zAaGqibafqYwCVU6WyWAuyQRRzOlxou8xZSyXLEN8oKj24g==",
      "dev": true
    }
  }
}
